
Microsoft Visual Studio Solution File, Format Version 12.00
# Visual Studio Version 17
VisualStudioVersion = 17.1.32421.90
MinimumVisualStudioVersion = 10.0.40219.1
Project("{8BC9CEB8-8B4A-11D0-8D11-00A0C91BC942}") = "asp1dz3", "asp1dz3.vcxproj", "{5FC96EC1-CC6A-408A-BC97-3B51B64667C7}"
EndProject
Global
	GlobalSection(SolutionConfigurationPlatforms) = preSolution
		Debug|x64 = Debug|x64
		Debug|x86 = Debug|x86
		Release|x64 = Release|x64
		Release|x86 = Release|x86
	EndGlobalSection
	GlobalSection(ProjectConfigurationPlatforms) = postSolution
		{5FC96EC1-CC6A-408A-BC97-3B51B64667C7}.Debug|x64.ActiveCfg = Debug|x64
		{5FC96EC1-CC6A-408A-BC97-3B51B64667C7}.Debug|x64.Build.0 = Debug|x64
		{5FC96EC1-CC6A-408A-BC97-3B51B64667C7}.Debug|x86.ActiveCfg = Debug|Win32
		{5FC96EC1-CC6A-408A-BC97-3B51B64667C7}.Debug|x86.Build.0 = Debug|Win32
		{5FC96EC1-CC6A-408A-BC97-3B51B64667C7}.Release|x64.ActiveCfg = Release|x64
		{5FC96EC1-CC6A-408A-BC97-3B51B64667C7}.Release|x64.Build.0 = Release|x64
		{5FC96EC1-CC6A-408A-BC97-3B51B64667C7}.Release|x86.ActiveCfg = Release|Win32
		{5FC96EC1-CC6A-408A-BC97-3B51B64667C7}.Release|x86.Build.0 = Release|Win32
	EndGlobalSection
	GlobalSection(SolutionProperties) = preSolution
		HideSolutionNode = FALSE
	EndGlobalSection
	GlobalSection(ExtensibilityGlobals) = postSolution
		SolutionGuid = {B642DB38-5E6B-4632-BEC7-B9018BFD7DB1}
	EndGlobalSection
EndGlobal
